// !$*UTF8*$!
{
	archiveVersion = 1;
	classes = {
	};
	objectVersion = 48;
	objects = {

/* Begin PBXBuildFile section */
		01BDAFA4200A9FD700C80815 /* AppDelegate.swift in Sources */ = {isa = PBXBuildFile; fileRef = 01BDAFA3200A9FD700C80815 /* AppDelegate.swift */; };
		01BDAFA6200A9FD700C80815 /* ViewController.swift in Sources */ = {isa = PBXBuildFile; fileRef = 01BDAFA5200A9FD700C80815 /* ViewController.swift */; };
		01BDAFA9200A9FD700C80815 /* Main.storyboard in Resources */ = {isa = PBXBuildFile; fileRef = 01BDAFA7200A9FD700C80815 /* Main.storyboard */; };
		01BDAFAB200A9FD700C80815 /* Assets.xcassets in Resources */ = {isa = PBXBuildFile; fileRef = 01BDAFAA200A9FD700C80815 /* Assets.xcassets */; };
		01BDAFAE200A9FD700C80815 /* LaunchScreen.storyboard in Resources */ = {isa = PBXBuildFile; fileRef = 01BDAFAC200A9FD700C80815 /* LaunchScreen.storyboard */; };
		01BDAFB9200A9FD700C80815 /* Tip_CalculatorTests.swift in Sources */ = {isa = PBXBuildFile; fileRef = 01BDAFB8200A9FD700C80815 /* Tip_CalculatorTests.swift */; };
		01BDAFC4200A9FD700C80815 /* Tip_CalculatorUITests.swift in Sources */ = {isa = PBXBuildFile; fileRef = 01BDAFC3200A9FD700C80815 /* Tip_CalculatorUITests.swift */; };
/* End PBXBuildFile section */

/* Begin PBXContainerItemProxy section */
		01BDAFB5200A9FD700C80815 /* PBXContainerItemProxy */ = {
			isa = PBXContainerItemProxy;
			containerPortal = 01BDAF98200A9FD700C80815 /* Project object */;
			proxyType = 1;
			remoteGlobalIDString = 01BDAF9F200A9FD700C80815;
			remoteInfo = "Tip Calculator";
		};
		01BDAFC0200A9FD700C80815 /* PBXContainerItemProxy */ = {
			isa = PBXContainerItemProxy;
			containerPortal = 01BDAF98200A9FD700C80815 /* Project object */;
			proxyType = 1;
			remoteGlobalIDString = 01BDAF9F200A9FD700C80815;
			remoteInfo = "Tip Calculator";
		};
/* End PBXContainerItemProxy section */

/* Begin PBXFileReference section */
		01BDAFA0200A9FD700C80815 /* Tip Calculator.app */ = {isa = PBXFileReference; explicitFileType = wrapper.application; includeInIndex = 0; path = "Tip Calculator.app"; sourceTree = BUILT_PRODUCTS_DIR; };
		01BDAFA3200A9FD700C80815 /* AppDelegate.swift */ = {isa = PBXFileReference; lastKnownFileType = sourcecode.swift; path = AppDelegate.swift; sourceTree = "<group>"; };
		01BDAFA5200A9FD700C80815 /* ViewController.swift */ = {isa = PBXFileReference; lastKnownFileType = sourcecode.swift; path = ViewController.swift; sourceTree = "<group>"; };
		01BDAFA8200A9FD700C80815 /* Base */ = {isa = PBXFileReference; lastKnownFileType = file.storyboard; name = Base; path = Base.lproj/Main.storyboard; sourceTree = "<group>"; };
		01BDAFAA200A9FD700C80815 /* Assets.xcassets */ = {isa = PBXFileReference; lastKnownFileType = folder.assetcatalog; path = Assets.xcassets; sourceTree = "<group>"; };
		01BDAFAD200A9FD700C80815 /* Base */ = {isa = PBXFileReference; lastKnownFileType = file.storyboard; name = Base; path = Base.lproj/LaunchScreen.storyboard; sourceTree = "<group>"; };
		01BDAFAF200A9FD700C80815 /* Info.plist */ = {isa = PBXFileReference; lastKnownFileType = text.plist.xml; path = Info.plist; sourceTree = "<group>"; };
		01BDAFB4200A9FD700C80815 /* Tip CalculatorTests.xctest */ = {isa = PBXFileReference; explicitFileType = wrapper.cfbundle; includeInIndex = 0; path = "Tip CalculatorTests.xctest"; sourceTree = BUILT_PRODUCTS_DIR; };
		01BDAFB8200A9FD700C80815 /* Tip_CalculatorTests.swift */ = {isa = PBXFileReference; lastKnownFileType = sourcecode.swift; path = Tip_CalculatorTests.swift; sourceTree = "<group>"; };
		01BDAFBA200A9FD700C80815 /* Info.plist */ = {isa = PBXFileReference; lastKnownFileType = text.plist.xml; path = Info.plist; sourceTree = "<group>"; };
		01BDAFBF200A9FD700C80815 /* Tip CalculatorUITests.xctest */ = {isa = PBXFileReference; explicitFileType = wrapper.cfbundle; includeInIndex = 0; path = "Tip CalculatorUITests.xctest"; sourceTree = BUILT_PRODUCTS_DIR; };
		01BDAFC3200A9FD700C80815 /* Tip_CalculatorUITests.swift */ = {isa = PBXFileReference; lastKnownFileType = sourcecode.swift; path = Tip_CalculatorUITests.swift; sourceTree = "<group>"; };
		01BDAFC5200A9FD700C80815 /* Info.plist */ = {isa = PBXFileReference; lastKnownFileType = text.plist.xml; path = Info.plist; sourceTree = "<group>"; };
/* End PBXFileReference section */

/* Begin PBXFrameworksBuildPhase section */
		01BDAF9D200A9FD700C80815 /* Frameworks */ = {
			isa = PBXFrameworksBuildPhase;
			buildActionMask = 2147483647;
			files = (
			);
			runOnlyForDeploymentPostprocessing = 0;
		};
		01BDAFB1200A9FD700C80815 /* Frameworks */ = {
			isa = PBXFrameworksBuildPhase;
			buildActionMask = 2147483647;
			files = (
			);
			runOnlyForDeploymentPostprocessing = 0;
		};
		01BDAFBC200A9FD700C80815 /* Frameworks */ = {
			isa = PBXFrameworksBuildPhase;
			buildActionMask = 2147483647;
			files = (
			);
			runOnlyForDeploymentPostprocessing = 0;
		};
/* End PBXFrameworksBuildPhase section */

/* Begin PBXGroup section */
		01BDAF97200A9FD700C80815 = {
			isa = PBXGroup;
			children = (
				01BDAFA2200A9FD700C80815 /* Tip Calculator */,
				01BDAFB7200A9FD700C80815 /* Tip CalculatorTests */,
				01BDAFC2200A9FD700C80815 /* Tip CalculatorUITests */,
				01BDAFA1200A9FD700C80815 /* Products */,
			);
			sourceTree = "<group>";
		};
		01BDAFA1200A9FD700C80815 /* Products */ = {
			isa = PBXGroup;
			children = (
				01BDAFA0200A9FD700C80815 /* Tip Calculator.app */,
				01BDAFB4200A9FD700C80815 /* Tip CalculatorTests.xctest */,
				01BDAFBF200A9FD700C80815 /* Tip CalculatorUITests.xctest */,
			);
			name = Products;
			sourceTree = "<group>";
		};
		01BDAFA2200A9FD700C80815 /* Tip Calculator */ = {
			isa = PBXGroup;
			children = (
				01BDAFA3200A9FD700C80815 /* AppDelegate.swift */,
				01BDAFA5200A9FD700C80815 /* ViewController.swift */,
				01BDAFA7200A9FD700C80815 /* Main.storyboard */,
				01BDAFAA200A9FD700C80815 /* Assets.xcassets */,
				01BDAFAC200A9FD700C80815 /* LaunchScreen.storyboard */,
				01BDAFAF200A9FD700C80815 /* Info.plist */,
			);
			path = "Tip Calculator";
			sourceTree = "<group>";
		};
		01BDAFB7200A9FD700C80815 /* Tip CalculatorTests */ = {
			isa = PBXGroup;
			children = (
				01BDAFB8200A9FD700C80815 /* Tip_CalculatorTests.swift */,
				01BDAFBA200A9FD700C80815 /* Info.plist */,
			);
			path = "Tip CalculatorTests";
			sourceTree = "<group>";
		};
		01BDAFC2200A9FD700C80815 /* Tip CalculatorUITests */ = {
			isa = PBXGroup;
			children = (
				01BDAFC3200A9FD700C80815 /* Tip_CalculatorUITests.swift */,
				01BDAFC5200A9FD700C80815 /* Info.plist */,
			);
			path = "Tip CalculatorUITests";
			sourceTree = "<group>";
		};
/* End PBXGroup section */

/* Begin PBXNativeTarget section */
		01BDAF9F200A9FD700C80815 /* Tip Calculator */ = {
			isa = PBXNativeTarget;
			buildConfigurationList = 01BDAFC8200A9FD700C80815 /* Build configuration list for PBXNativeTarget "Tip Calculator" */;
			buildPhases = (
				01BDAF9C200A9FD700C80815 /* Sources */,
				01BDAF9D200A9FD700C80815 /* Frameworks */,
				01BDAF9E200A9FD700C80815 /* Resources */,
			);
			buildRules = (
			);
			dependencies = (
			);
			name = "Tip Calculator";
			productName = "Tip Calculator";
			productReference = 01BDAFA0200A9FD700C80815 /* Tip Calculator.app */;
			productType = "com.apple.product-type.application";
		};
		01BDAFB3200A9FD700C80815 /* Tip CalculatorTests */ = {
			isa = PBXNativeTarget;
			buildConfigurationList = 01BDAFCB200A9FD700C80815 /* Build configuration list for PBXNativeTarget "Tip CalculatorTests" */;
			buildPhases = (
				01BDAFB0200A9FD700C80815 /* Sources */,
				01BDAFB1200A9FD700C80815 /* Frameworks */,
				01BDAFB2200A9FD700C80815 /* Resources */,
			);
			buildRules = (
			);
			dependencies = (
				01BDAFB6200A9FD700C80815 /* PBXTargetDependency */,
			);
			name = "Tip CalculatorTests";
			productName = "Tip CalculatorTests";
			productReference = 01BDAFB4200A9FD700C80815 /* Tip CalculatorTests.xctest */;
			productType = "com.apple.product-type.bundle.unit-test";
		};
		01BDAFBE200A9FD700C80815 /* Tip CalculatorUITests */ = {
			isa = PBXNativeTarget;
			buildConfigurationList = 01BDAFCE200A9FD700C80815 /* Build configuration list for PBXNativeTarget "Tip CalculatorUITests" */;
			buildPhases = (
				01BDAFBB200A9FD700C80815 /* Sources */,
				01BDAFBC200A9FD700C80815 /* Frameworks */,
				01BDAFBD200A9FD700C80815 /* Resources */,
			);
			buildRules = (
			);
			dependencies = (
				01BDAFC1200A9FD700C80815 /* PBXTargetDependency */,
			);
			name = "Tip CalculatorUITests";
			productName = "Tip CalculatorUITests";
			productReference = 01BDAFBF200A9FD700C80815 /* Tip CalculatorUITests.xctest */;
			productType = "com.apple.product-type.bundle.ui-testing";
		};
/* End PBXNativeTarget section */

/* Begin PBXProject section */
		01BDAF98200A9FD700C80815 /* Project object */ = {
			isa = PBXProject;
			attributes = {
				LastSwiftUpdateCheck = 0920;
				LastUpgradeCheck = 0920;
				ORGANIZATIONNAME = "Aayush Gupta";
				TargetAttributes = {
					01BDAF9F200A9FD700C80815 = {
						CreatedOnToolsVersion = 9.2;
						ProvisioningStyle = Automatic;
					};
					01BDAFB3200A9FD700C80815 = {
						CreatedOnToolsVersion = 9.2;
						ProvisioningStyle = Automatic;
						TestTargetID = 01BDAF9F200A9FD700C80815;
					};
					01BDAFBE200A9FD700C80815 = {
						CreatedOnToolsVersion = 9.2;
						ProvisioningStyle = Automatic;
						TestTargetID = 01BDAF9F200A9FD700C80815;
					};
				};
			};
			buildConfigurationList = 01BDAF9B200A9FD700C80815 /* Build configuration list for PBXProject "Tip Calculator" */;
			compatibilityVersion = "Xcode 8.0";
			developmentRegion = en;
			hasScannedForEncodings = 0;
			knownRegions = (
				en,
				Base,
			);
			mainGroup = 01BDAF97200A9FD700C80815;
			productRefGroup = 01BDAFA1200A9FD700C80815 /* Products */;
			projectDirPath = "";
			projectRoot = "";
			targets = (
				01BDAF9F200A9FD700C80815 /* Tip Calculator */,
				01BDAFB3200A9FD700C80815 /* Tip CalculatorTests */,
				01BDAFBE200A9FD700C80815 /* Tip CalculatorUITests */,
			);
		};
/* End PBXProject section */

/* Begin PBXResourcesBuildPhase section */
		01BDAF9E200A9FD700C80815 /* Resources */ = {
			isa = PBXResourcesBuildPhase;
			buildActionMask = 2147483647;
			files = (
				01BDAFAE200A9FD700C80815 /* LaunchScreen.storyboard in Resources */,
				01BDAFAB200A9FD700C80815 /* Assets.xcassets in Resources */,
				01BDAFA9200A9FD700C80815 /* Main.storyboard in Resources */,
			);
			runOnlyForDeploymentPostprocessing = 0;
		};
		01BDAFB2200A9FD700C80815 /* Resources */ = {
			isa = PBXResourcesBuildPhase;
			buildActionMask = 2147483647;
			files = (
			);
			runOnlyForDeploymentPostprocessing = 0;
		};
		01BDAFBD200A9FD700C80815 /* Resources */ = {
			isa = PBXResourcesBuildPhase;
			buildActionMask = 2147483647;
			files = (
			);
			runOnlyForDeploymentPostprocessing = 0;
		};
/* End PBXResourcesBuildPhase section */

/* Begin PBXSourcesBuildPhase section */
		01BDAF9C200A9FD700C80815 /* Sources */ = {
			isa = PBXSourcesBuildPhase;
			buildActionMask = 2147483647;
			files = (
				01BDAFA6200A9FD700C80815 /* ViewController.swift in Sources */,
				01BDAFA4200A9FD700C80815 /* AppDelegate.swift in Sources */,
			);
			runOnlyForDeploymentPostprocessing = 0;
		};
		01BDAFB0200A9FD700C80815 /* Sources */ = {
			isa = PBXSourcesBuildPhase;
			buildActionMask = 2147483647;
			files = (
				01BDAFB9200A9FD700C80815 /* Tip_CalculatorTests.swift in Sources */,
			);
			runOnlyForDeploymentPostprocessing = 0;
		};
		01BDAFBB200A9FD700C80815 /* Sources */ = {
			isa = PBXSourcesBuildPhase;
			buildActionMask = 2147483647;
			files = (
				01BDAFC4200A9FD700C80815 /* Tip_CalculatorUITests.swift in Sources */,
			);
			runOnlyForDeploymentPostprocessing = 0;
		};
/* End PBXSourcesBuildPhase section */

/* Begin PBXTargetDependency section */
		01BDAFB6200A9FD700C80815 /* PBXTargetDependency */ = {
			isa = PBXTargetDependency;
			target = 01BDAF9F200A9FD700C80815 /* Tip Calculator */;
			targetProxy = 01BDAFB5200A9FD700C80815 /* PBXContainerItemProxy */;
		};
		01BDAFC1200A9FD700C80815 /* PBXTargetDependency */ = {
			isa = PBXTargetDependency;
			target = 01BDAF9F200A9FD700C80815 /* Tip Calculator */;
			targetProxy = 01BDAFC0200A9FD700C80815 /* PBXContainerItemProxy */;
		};
/* End PBXTargetDependency section */

/* Begin PBXVariantGroup section */
		01BDAFA7200A9FD700C80815 /* Main.storyboard */ = {
			isa = PBXVariantGroup;
			children = (
				01BDAFA8200A9FD700C80815 /* Base */,
			);
			name = Main.storyboard;
			sourceTree = "<group>";
		};
		01BDAFAC200A9FD700C80815 /* LaunchScreen.storyboard */ = {
			isa = PBXVariantGroup;
			children = (
				01BDAFAD200A9FD700C80815 /* Base */,
			);
			name = LaunchScreen.storyboard;
			sourceTree = "<group>";
		};
/* End PBXVariantGroup section */

/* Begin XCBuildConfiguration section */
		01BDAFC6200A9FD700C80815 /* Debug */ = {
			isa = XCBuildConfiguration;
			buildSettings = {
				ALWAYS_SEARCH_USER_PATHS = NO;
				CLANG_ANALYZER_NONNULL = YES;
				CLANG_ANALYZER_NUMBER_OBJECT_CONVERSION = YES_AGGRESSIVE;
				CLANG_CXX_LANGUAGE_STANDARD = "gnu++14";
				CLANG_CXX_LIBRARY = "libc++";
				CLANG_ENABLE_MODULES = YES;
				CLANG_ENABLE_OBJC_ARC = YES;
				CLANG_WARN_BLOCK_CAPTURE_AUTORELEASING = YES;
				CLANG_WARN_BOOL_CONVERSION = YES;
				CLANG_WARN_COMMA = YES;
				CLANG_WARN_CONSTANT_CONVERSION = YES;
				CLANG_WARN_DIRECT_OBJC_ISA_USAGE = YES_ERROR;
				CLANG_WARN_DOCUMENTATION_COMMENTS = YES;
				CLANG_WARN_EMPTY_BODY = YES;
				CLANG_WARN_ENUM_CONVERSION = YES;
				CLANG_WARN_INFINITE_RECURSION = YES;
				CLANG_WARN_INT_CONVERSION = YES;
				CLANG_WARN_NON_LITERAL_NULL_CONVERSION = YES;
				CLANG_WARN_OBJC_LITERAL_CONVERSION = YES;
				CLANG_WARN_OBJC_ROOT_CLASS = YES_ERROR;
				CLANG_WARN_RANGE_LOOP_ANALYSIS = YES;
				CLANG_WARN_STRICT_PROTOTYPES = YES;
				CLANG_WARN_SUSPICIOUS_MOVE = YES;
				CLANG_WARN_UNGUARDED_AVAILABILITY = YES_AGGRESSIVE;
				CLANG_WARN_UNREACHABLE_CODE = YES;
				CLANG_WARN__DUPLICATE_METHOD_MATCH = YES;
				CODE_SIGN_IDENTITY = "iPhone Developer";
				COPY_PHASE_STRIP = NO;
				DEBUG_INFORMATION_FORMAT = dwarf;
				ENABLE_STRICT_OBJC_MSGSEND = YES;
				ENABLE_TESTABILITY = YES;
				GCC_C_LANGUAGE_STANDARD = gnu11;
				GCC_DYNAMIC_NO_PIC = NO;
				GCC_NO_COMMON_BLOCKS = YES;
				GCC_OPTIMIZATION_LEVEL = 0;
				GCC_PREPROCESSOR_DEFINITIONS = (
					"DEBUG=1",
					"$(inherited)",
				);
				GCC_WARN_64_TO_32_BIT_CONVERSION = YES;
				GCC_WARN_ABOUT_RETURN_TYPE = YES_ERROR;
				GCC_WARN_UNDECLARED_SELECTOR = YES;
				GCC_WARN_UNINITIALIZED_AUTOS = YES_AGGRESSIVE;
				GCC_WARN_UNUSED_FUNCTION = YES;
				GCC_WARN_UNUSED_VARIABLE = YES;
				IPHONEOS_DEPLOYMENT_TARGET = 11.2;
				MTL_ENABLE_DEBUG_INFO = YES;
				ONLY_ACTIVE_ARCH = YES;
				SDKROOT = iphoneos;
				SWIFT_ACTIVE_COMPILATION_CONDITIONS = DEBUG;
				SWIFT_OPTIMIZATION_LEVEL = "-Onone";
			};
			name = Debug;
		};
		01BDAFC7200A9FD700C80815 /* Release */ = {
			isa = XCBuildConfiguration;
			buildSettings = {
				ALWAYS_SEARCH_USER_PATHS = NO;
				CLANG_ANALYZER_NONNULL = YES;
				CLANG_ANALYZER_NUMBER_OBJECT_CONVERSION = YES_AGGRESSIVE;
				CLANG_CXX_LANGUAGE_STANDARD = "gnu++14";
				CLANG_CXX_LIBRARY = "libc++";
				CLANG_ENABLE_MODULES = YES;
				CLANG_ENABLE_OBJC_ARC = YES;
				CLANG_WARN_BLOCK_CAPTURE_AUTORELEASING = YES;
				CLANG_WARN_BOOL_CONVERSION = YES;
				CLANG_WARN_COMMA = YES;
				CLANG_WARN_CONSTANT_CONVERSION = YES;
				CLANG_WARN_DIRECT_OBJC_ISA_USAGE = YES_ERROR;
				CLANG_WARN_DOCUMENTATION_COMMENTS = YES;
				CLANG_WARN_EMPTY_BODY = YES;
				CLANG_WARN_ENUM_CONVERSION = YES;
				CLANG_WARN_INFINITE_RECURSION = YES;
				CLANG_WARN_INT_CONVERSION = YES;
				CLANG_WARN_NON_LITERAL_NULL_CONVERSION = YES;
				CLANG_WARN_OBJC_LITERAL_CONVERSION = YES;
				CLANG_WARN_OBJC_ROOT_CLASS = YES_ERROR;
				CLANG_WARN_RANGE_LOOP_ANALYSIS = YES;
				CLANG_WARN_STRICT_PROTOTYPES = YES;
				CLANG_WARN_SUSPICIOUS_MOVE = YES;
				CLANG_WARN_UNGUARDED_AVAILABILITY = YES_AGGRESSIVE;
				CLANG_WARN_UNREACHABLE_CODE = YES;
				CLANG_WARN__DUPLICATE_METHOD_MATCH = YES;
				CODE_SIGN_IDENTITY = "iPhone Developer";
				COPY_PHASE_STRIP = NO;
				DEBUG_INFORMATION_FORMAT = "dwarf-with-dsym";
				ENABLE_NS_ASSERTIONS = NO;
				ENABLE_STRICT_OBJC_MSGSEND = YES;
				GCC_C_LANGUAGE_STANDARD = gnu11;
				GCC_NO_COMMON_BLOCKS = YES;
				GCC_WARN_64_TO_32_BIT_CONVERSION = YES;
				GCC_WARN_ABOUT_RETURN_TYPE = YES_ERROR;
				GCC_WARN_UNDECLARED_SELECTOR = YES;
				GCC_WARN_UNINITIALIZED_AUTOS = YES_AGGRESSIVE;
				GCC_WARN_UNUSED_FUNCTION = YES;
				GCC_WARN_UNUSED_VARIABLE = YES;
				IPHONEOS_DEPLOYMENT_TARGET = 11.2;
				MTL_ENABLE_DEBUG_INFO = NO;
				SDKROOT = iphoneos;
				SWIFT_OPTIMIZATION_LEVEL = "-Owholemodule";
				VALIDATE_PRODUCT = YES;
			};
			name = Release;
		};
		01BDAFC9200A9FD700C80815 /* Debug */ = {
			isa = XCBuildConfiguration;
			buildSettings = {
				ASSETCATALOG_COMPILER_APPICON_NAME = AppIcon;
				CODE_SIGN_STYLE = Automatic;
				INFOPLIST_FILE = "Tip Calculator/Info.plist";
				LD_RUNPATH_SEARCH_PATHS = "$(inherited) @executable_path/Frameworks";
				PRODUCT_BUNDLE_IDENTIFIER = "None.Tip-Calculator";
				PRODUCT_NAME = "$(TARGET_NAME)";
				SWIFT_VERSION = 4.0;
				TARGETED_DEVICE_FAMILY = "1,2";
			};
			name = Debug;
		};
		01BDAFCA200A9FD700C80815 /* Release */ = {
			isa = XCBuildConfiguration;
			buildSettings = {
				ASSETCATALOG_COMPILER_APPICON_NAME = AppIcon;
				CODE_SIGN_STYLE = Automatic;
				INFOPLIST_FILE = "Tip Calculator/Info.plist";
				LD_RUNPATH_SEARCH_PATHS = "$(inherited) @executable_path/Frameworks";
				PRODUCT_BUNDLE_IDENTIFIER = "None.Tip-Calculator";
				PRODUCT_NAME = "$(TARGET_NAME)";
				SWIFT_VERSION = 4.0;
				TARGETED_DEVICE_FAMILY = "1,2";
			};
			name = Release;
		};
		01BDAFCC200A9FD700C80815 /* Debug */ = {
			isa = XCBuildConfiguration;
			buildSettings = {
				ALWAYS_EMBED_SWIFT_STANDARD_LIBRARIES = YES;
				BUNDLE_LOADER = "$(TEST_HOST)";
				CODE_SIGN_STYLE = Automatic;
				INFOPLIST_FILE = "Tip CalculatorTests/Info.plist";
				LD_RUNPATH_SEARCH_PATHS = "$(inherited) @executable_path/Frameworks @loader_path/Frameworks";
				PRODUCT_BUNDLE_IDENTIFIER = "None.Tip-CalculatorTests";
				PRODUCT_NAME = "$(TARGET_NAME)";
				SWIFT_VERSION = 4.0;
				TARGETED_DEVICE_FAMILY = "1,2";
				TEST_HOST = "$(BUILT_PRODUCTS_DIR)/Tip Calculator.app/Tip Calculator";
			};
			name = Debug;
		};
		01BDAFCD200A9FD700C80815 /* Release */ = {
			isa = XCBuildConfiguration;
			buildSettings = {
				ALWAYS_EMBED_SWIFT_STANDARD_LIBRARIES = YES;
				BUNDLE_LOADER = "$(TEST_HOST)";
				CODE_SIGN_STYLE = Automatic;
				INFOPLIST_FILE = "Tip CalculatorTests/Info.plist";
				LD_RUNPATH_SEARCH_PATHS = "$(inherited) @executable_path/Frameworks @loader_path/Frameworks";
				PRODUCT_BUNDLE_IDENTIFIER = "None.Tip-CalculatorTests";
				PRODUCT_NAME = "$(TARGET_NAME)";
				SWIFT_VERSION = 4.0;
				TARGETED_DEVICE_FAMILY = "1,2";
				TEST_HOST = "$(BUILT_PRODUCTS_DIR)/Tip Calculator.app/Tip Calculator";
			};
			name = Release;
		};
		01BDAFCF200A9FD700C80815 /* Debug */ = {
			isa = XCBuildConfiguration;
			buildSettings = {
				ALWAYS_EMBED_SWIFT_STANDARD_LIBRARIES = YES;
				CODE_SIGN_STYLE = Automatic;
				INFOPLIST_FILE = "Tip CalculatorUITests/Info.plist";
				LD_RUNPATH_SEARCH_PATHS = "$(inherited) @executable_path/Frameworks @loader_path/Frameworks";
				PRODUCT_BUNDLE_IDENTIFIER = "None.Tip-CalculatorUITests";
				PRODUCT_NAME = "$(TARGET_NAME)";
				SWIFT_VERSION = 4.0;
				TARGETED_DEVICE_FAMILY = "1,2";
				TEST_TARGET_NAME = "Tip Calculator";
			};
			name = Debug;
		};
		01BDAFD0200A9FD700C80815 /* Release */ = {
			isa = XCBuildConfiguration;
			buildSettings = {
				ALWAYS_EMBED_SWIFT_STANDARD_LIBRARIES = YES;
				CODE_SIGN_STYLE = Automatic;
				INFOPLIST_FILE = "Tip CalculatorUITests/Info.plist";
				LD_RUNPATH_SEARCH_PATHS = "$(inherited) @executable_path/Frameworks @loader_path/Frameworks";
				PRODUCT_BUNDLE_IDENTIFIER = "None.Tip-CalculatorUITests";
				PRODUCT_NAME = "$(TARGET_NAME)";
				SWIFT_VERSION = 4.0;
				TARGETED_DEVICE_FAMILY = "1,2";
				TEST_TARGET_NAME = "Tip Calculator";
			};
			name = Release;
		};
/* End XCBuildConfiguration section */

/* Begin XCConfigurationList section */
		01BDAF9B200A9FD700C80815 /* Build configuration list for PBXProject "Tip Calculator" */ = {
			isa = XCConfigurationList;
			buildConfigurations = (
				01BDAFC6200A9FD700C80815 /* Debug */,
				01BDAFC7200A9FD700C80815 /* Release */,
			);
			defaultConfigurationIsVisible = 0;
			defaultConfigurationName = Release;
		};
		01BDAFC8200A9FD700C80815 /* Build configuration list for PBXNativeTarget "Tip Calculator" */ = {
			isa = XCConfigurationList;
			buildConfigurations = (
				01BDAFC9200A9FD700C80815 /* Debug */,
				01BDAFCA200A9FD700C80815 /* Release */,
			);
			defaultConfigurationIsVisible = 0;
			defaultConfigurationName = Release;
		};
		01BDAFCB200A9FD700C80815 /* Build configuration list for PBXNativeTarget "Tip CalculatorTests" */ = {
			isa = XCConfigurationList;
			buildConfigurations = (
				01BDAFCC200A9FD700C80815 /* Debug */,
				01BDAFCD200A9FD700C80815 /* Release */,
			);
			defaultConfigurationIsVisible = 0;
			defaultConfigurationName = Release;
		};
		01BDAFCE200A9FD700C80815 /* Build configuration list for PBXNativeTarget "Tip CalculatorUITests" */ = {
			isa = XCConfigurationList;
			buildConfigurations = (
				01BDAFCF200A9FD700C80815 /* Debug */,
				01BDAFD0200A9FD700C80815 /* Release */,
			);
			defaultConfigurationIsVisible = 0;
			defaultConfigurationName = Release;
		};
/* End XCConfigurationList section */
	};
	rootObject = 01BDAF98200A9FD700C80815 /* Project object */;
}
